// !$*UTF8*$!
{
	archiveVersion = 1;
	classes = {
	};
	objectVersion = 46;
	objects = {

/* Begin PBXBuildFile section */
		B4A7495F1AC71F4500B26543 /* main.m in Sources */ = {isa = PBXBuildFile; fileRef = B4A7495E1AC71F4500B26543 /* main.m */; };
		B4A749621AC71F4500B26543 /* AppDelegate.m in Sources */ = {isa = PBXBuildFile; fileRef = B4A749611AC71F4500B26543 /* AppDelegate.m */; };
		B4A749651AC71F4500B26543 /* ViewController.m in Sources */ = {isa = PBXBuildFile; fileRef = B4A749641AC71F4500B26543 /* ViewController.m */; };
		B4A749681AC71F4500B26543 /* Main.storyboard in Resources */ = {isa = PBXBuildFile; fileRef = B4A749661AC71F4500B26543 /* Main.storyboard */; };
		B4A7496A1AC71F4500B26543 /* Images.xcassets in Resources */ = {isa = PBXBuildFile; fileRef = B4A749691AC71F4500B26543 /* Images.xcassets */; };
		B4A7496D1AC71F4500B26543 /* LaunchScreen.xib in Resources */ = {isa = PBXBuildFile; fileRef = B4A7496B1AC71F4500B26543 /* LaunchScreen.xib */; };
		B4A749791AC71F4500B26543 /* Fraction_CalculatorTests.m in Sources */ = {isa = PBXBuildFile; fileRef = B4A749781AC71F4500B26543 /* Fraction_CalculatorTests.m */; };
		B4A749841AC83AAC00B26543 /* Calculator.m in Sources */ = {isa = PBXBuildFile; fileRef = B4A749831AC83AAC00B26543 /* Calculator.m */; };
		B4A749871AC83FD000B26543 /* Fraction.m in Sources */ = {isa = PBXBuildFile; fileRef = B4A749861AC83FD000B26543 /* Fraction.m */; };
/* End PBXBuildFile section */

/* Begin PBXContainerItemProxy section */
		B4A749731AC71F4500B26543 /* PBXContainerItemProxy */ = {
			isa = PBXContainerItemProxy;
			containerPortal = B4A749511AC71F4500B26543 /* Project object */;
			proxyType = 1;
			remoteGlobalIDString = B4A749581AC71F4500B26543;
			remoteInfo = Fraction_Calculator;
		};
/* End PBXContainerItemProxy section */

/* Begin PBXFileReference section */
		B4A749591AC71F4500B26543 /* Fraction_Calculator.app */ = {isa = PBXFileReference; explicitFileType = wrapper.application; includeInIndex = 0; path = Fraction_Calculator.app; sourceTree = BUILT_PRODUCTS_DIR; };
		B4A7495D1AC71F4500B26543 /* Info.plist */ = {isa = PBXFileReference; lastKnownFileType = text.plist.xml; path = Info.plist; sourceTree = "<group>"; };
		B4A7495E1AC71F4500B26543 /* main.m */ = {isa = PBXFileReference; lastKnownFileType = sourcecode.c.objc; path = main.m; sourceTree = "<group>"; };
		B4A749601AC71F4500B26543 /* AppDelegate.h */ = {isa = PBXFileReference; lastKnownFileType = sourcecode.c.h; path = AppDelegate.h; sourceTree = "<group>"; };
		B4A749611AC71F4500B26543 /* AppDelegate.m */ = {isa = PBXFileReference; lastKnownFileType = sourcecode.c.objc; path = AppDelegate.m; sourceTree = "<group>"; };
		B4A749631AC71F4500B26543 /* ViewController.h */ = {isa = PBXFileReference; lastKnownFileType = sourcecode.c.h; path = ViewController.h; sourceTree = "<group>"; };
		B4A749641AC71F4500B26543 /* ViewController.m */ = {isa = PBXFileReference; lastKnownFileType = sourcecode.c.objc; path = ViewController.m; sourceTree = "<group>"; };
		B4A749671AC71F4500B26543 /* Base */ = {isa = PBXFileReference; lastKnownFileType = file.storyboard; name = Base; path = Base.lproj/Main.storyboard; sourceTree = "<group>"; };
		B4A749691AC71F4500B26543 /* Images.xcassets */ = {isa = PBXFileReference; lastKnownFileType = folder.assetcatalog; path = Images.xcassets; sourceTree = "<group>"; };
		B4A7496C1AC71F4500B26543 /* Base */ = {isa = PBXFileReference; lastKnownFileType = file.xib; name = Base; path = Base.lproj/LaunchScreen.xib; sourceTree = "<group>"; };
		B4A749721AC71F4500B26543 /* Fraction_CalculatorTests.xctest */ = {isa = PBXFileReference; explicitFileType = wrapper.cfbundle; includeInIndex = 0; path = Fraction_CalculatorTests.xctest; sourceTree = BUILT_PRODUCTS_DIR; };
		B4A749771AC71F4500B26543 /* Info.plist */ = {isa = PBXFileReference; lastKnownFileType = text.plist.xml; path = Info.plist; sourceTree = "<group>"; };
		B4A749781AC71F4500B26543 /* Fraction_CalculatorTests.m */ = {isa = PBXFileReference; lastKnownFileType = sourcecode.c.objc; path = Fraction_CalculatorTests.m; sourceTree = "<group>"; };
		B4A749821AC8395F00B26543 /* Calculator.h */ = {isa = PBXFileReference; lastKnownFileType = sourcecode.c.h; name = Calculator.h; path = ../Calculator.h; sourceTree = "<group>"; };
		B4A749831AC83AAC00B26543 /* Calculator.m */ = {isa = PBXFileReference; fileEncoding = 4; lastKnownFileType = sourcecode.c.objc; path = Calculator.m; sourceTree = "<group>"; };
		B4A749851AC83FD000B26543 /* Fraction.h */ = {isa = PBXFileReference; fileEncoding = 4; lastKnownFileType = sourcecode.c.h; path = Fraction.h; sourceTree = "<group>"; };
		B4A749861AC83FD000B26543 /* Fraction.m */ = {isa = PBXFileReference; fileEncoding = 4; lastKnownFileType = sourcecode.c.objc; path = Fraction.m; sourceTree = "<group>"; };
/* End PBXFileReference section */

/* Begin PBXFrameworksBuildPhase section */
		B4A749561AC71F4500B26543 /* Frameworks */ = {
			isa = PBXFrameworksBuildPhase;
			buildActionMask = 2147483647;
			files = (
			);
			runOnlyForDeploymentPostprocessing = 0;
		};
		B4A7496F1AC71F4500B26543 /* Frameworks */ = {
			isa = PBXFrameworksBuildPhase;
			buildActionMask = 2147483647;
			files = (
			);
			runOnlyForDeploymentPostprocessing = 0;
		};
/* End PBXFrameworksBuildPhase section */

/* Begin PBXGroup section */
		B4A749501AC71F4500B26543 = {
			isa = PBXGroup;
			children = (
				B4A7495B1AC71F4500B26543 /* Fraction_Calculator */,
				B4A749751AC71F4500B26543 /* Fraction_CalculatorTests */,
				B4A7495A1AC71F4500B26543 /* Products */,
			);
			sourceTree = "<group>";
		};
		B4A7495A1AC71F4500B26543 /* Products */ = {
			isa = PBXGroup;
			children = (
				B4A749591AC71F4500B26543 /* Fraction_Calculator.app */,
				B4A749721AC71F4500B26543 /* Fraction_CalculatorTests.xctest */,
			);
			name = Products;
			sourceTree = "<group>";
		};
		B4A7495B1AC71F4500B26543 /* Fraction_Calculator */ = {
			isa = PBXGroup;
			children = (
				B4A749601AC71F4500B26543 /* AppDelegate.h */,
				B4A749611AC71F4500B26543 /* AppDelegate.m */,
				B4A749821AC8395F00B26543 /* Calculator.h */,
				B4A749831AC83AAC00B26543 /* Calculator.m */,
				B4A749851AC83FD000B26543 /* Fraction.h */,
				B4A749861AC83FD000B26543 /* Fraction.m */,
				B4A749691AC71F4500B26543 /* Images.xcassets */,
				B4A7496B1AC71F4500B26543 /* LaunchScreen.xib */,
				B4A749661AC71F4500B26543 /* Main.storyboard */,
				B4A7495C1AC71F4500B26543 /* Supporting Files */,
				B4A749631AC71F4500B26543 /* ViewController.h */,
				B4A749641AC71F4500B26543 /* ViewController.m */,
			);
			path = Fraction_Calculator;
			sourceTree = "<group>";
		};
		B4A7495C1AC71F4500B26543 /* Supporting Files */ = {
			isa = PBXGroup;
			children = (
				B4A7495D1AC71F4500B26543 /* Info.plist */,
				B4A7495E1AC71F4500B26543 /* main.m */,
			);
			name = "Supporting Files";
			sourceTree = "<group>";
		};
		B4A749751AC71F4500B26543 /* Fraction_CalculatorTests */ = {
			isa = PBXGroup;
			children = (
				B4A749781AC71F4500B26543 /* Fraction_CalculatorTests.m */,
				B4A749761AC71F4500B26543 /* Supporting Files */,
			);
			path = Fraction_CalculatorTests;
			sourceTree = "<group>";
		};
		B4A749761AC71F4500B26543 /* Supporting Files */ = {
			isa = PBXGroup;
			children = (
				B4A749771AC71F4500B26543 /* Info.plist */,
			);
			name = "Supporting Files";
			sourceTree = "<group>";
		};
/* End PBXGroup section */

/* Begin PBXNativeTarget section */
		B4A749581AC71F4500B26543 /* Fraction_Calculator */ = {
			isa = PBXNativeTarget;
			buildConfigurationList = B4A7497C1AC71F4500B26543 /* Build configuration list for PBXNativeTarget "Fraction_Calculator" */;
			buildPhases = (
				B4A749551AC71F4500B26543 /* Sources */,
				B4A749561AC71F4500B26543 /* Frameworks */,
				B4A749571AC71F4500B26543 /* Resources */,
			);
			buildRules = (
			);
			dependencies = (
			);
			name = Fraction_Calculator;
			productName = Fraction_Calculator;
			productReference = B4A749591AC71F4500B26543 /* Fraction_Calculator.app */;
			productType = "com.apple.product-type.application";
		};
		B4A749711AC71F4500B26543 /* Fraction_CalculatorTests */ = {
			isa = PBXNativeTarget;
			buildConfigurationList = B4A7497F1AC71F4500B26543 /* Build configuration list for PBXNativeTarget "Fraction_CalculatorTests" */;
			buildPhases = (
				B4A7496E1AC71F4500B26543 /* Sources */,
				B4A7496F1AC71F4500B26543 /* Frameworks */,
				B4A749701AC71F4500B26543 /* Resources */,
			);
			buildRules = (
			);
			dependencies = (
				B4A749741AC71F4500B26543 /* PBXTargetDependency */,
			);
			name = Fraction_CalculatorTests;
			productName = Fraction_CalculatorTests;
			productReference = B4A749721AC71F4500B26543 /* Fraction_CalculatorTests.xctest */;
			productType = "com.apple.product-type.bundle.unit-test";
		};
/* End PBXNativeTarget section */

/* Begin PBXProject section */
		B4A749511AC71F4500B26543 /* Project object */ = {
			isa = PBXProject;
			attributes = {
				LastUpgradeCheck = 0620;
				ORGANIZATIONNAME = novice;
				TargetAttributes = {
					B4A749581AC71F4500B26543 = {
						CreatedOnToolsVersion = 6.2;
					};
					B4A749711AC71F4500B26543 = {
						CreatedOnToolsVersion = 6.2;
						TestTargetID = B4A749581AC71F4500B26543;
					};
				};
			};
			buildConfigurationList = B4A749541AC71F4500B26543 /* Build configuration list for PBXProject "Fraction_Calculator" */;
			compatibilityVersion = "Xcode 3.2";
			developmentRegion = English;
			hasScannedForEncodings = 0;
			knownRegions = (
				en,
				Base,
			);
			mainGroup = B4A749501AC71F4500B26543;
			productRefGroup = B4A7495A1AC71F4500B26543 /* Products */;
			projectDirPath = "";
			projectRoot = "";
			targets = (
				B4A749581AC71F4500B26543 /* Fraction_Calculator */,
				B4A749711AC71F4500B26543 /* Fraction_CalculatorTests */,
			);
		};
/* End PBXProject section */

/* Begin PBXResourcesBuildPhase section */
		B4A749571AC71F4500B26543 /* Resources */ = {
			isa = PBXResourcesBuildPhase;
			buildActionMask = 2147483647;
			files = (
				B4A749681AC71F4500B26543 /* Main.storyboard in Resources */,
				B4A7496D1AC71F4500B26543 /* LaunchScreen.xib in Resources */,
				B4A7496A1AC71F4500B26543 /* Images.xcassets in Resources */,
			);
			runOnlyForDeploymentPostprocessing = 0;
		};
		B4A749701AC71F4500B26543 /* Resources */ = {
			isa = PBXResourcesBuildPhase;
			buildActionMask = 2147483647;
			files = (
			);
			runOnlyForDeploymentPostprocessing = 0;
		};
/* End PBXResourcesBuildPhase section */

/* Begin PBXSourcesBuildPhase section */
		B4A749551AC71F4500B26543 /* Sources */ = {
			isa = PBXSourcesBuildPhase;
			buildActionMask = 2147483647;
			files = (
				B4A749651AC71F4500B26543 /* ViewController.m in Sources */,
				B4A749841AC83AAC00B26543 /* Calculator.m in Sources */,
				B4A749621AC71F4500B26543 /* AppDelegate.m in Sources */,
				B4A7495F1AC71F4500B26543 /* main.m in Sources */,
				B4A749871AC83FD000B26543 /* Fraction.m in Sources */,
			);
			runOnlyForDeploymentPostprocessing = 0;
		};
		B4A7496E1AC71F4500B26543 /* Sources */ = {
			isa = PBXSourcesBuildPhase;
			buildActionMask = 2147483647;
			files = (
				B4A749791AC71F4500B26543 /* Fraction_CalculatorTests.m in Sources */,
			);
			runOnlyForDeploymentPostprocessing = 0;
		};
/* End PBXSourcesBuildPhase section */

/* Begin PBXTargetDependency section */
		B4A749741AC71F4500B26543 /* PBXTargetDependency */ = {
			isa = PBXTargetDependency;
			target = B4A749581AC71F4500B26543 /* Fraction_Calculator */;
			targetProxy = B4A749731AC71F4500B26543 /* PBXContainerItemProxy */;
		};
/* End PBXTargetDependency section */

/* Begin PBXVariantGroup section */
		B4A749661AC71F4500B26543 /* Main.storyboard */ = {
			isa = PBXVariantGroup;
			children = (
				B4A749671AC71F4500B26543 /* Base */,
			);
			name = Main.storyboard;
			sourceTree = "<group>";
		};
		B4A7496B1AC71F4500B26543 /* LaunchScreen.xib */ = {
			isa = PBXVariantGroup;
			children = (
				B4A7496C1AC71F4500B26543 /* Base */,
			);
			name = LaunchScreen.xib;
			sourceTree = "<group>";
		};
/* End PBXVariantGroup section */

/* Begin XCBuildConfiguration section */
		B4A7497A1AC71F4500B26543 /* Debug */ = {
			isa = XCBuildConfiguration;
			buildSettings = {
				ALWAYS_SEARCH_USER_PATHS = NO;
				CLANG_CXX_LANGUAGE_STANDARD = "gnu++0x";
				CLANG_CXX_LIBRARY = "libc++";
				CLANG_ENABLE_MODULES = YES;
				CLANG_ENABLE_OBJC_ARC = YES;
				CLANG_WARN_BOOL_CONVERSION = YES;
				CLANG_WARN_CONSTANT_CONVERSION = YES;
				CLANG_WARN_DIRECT_OBJC_ISA_USAGE = YES_ERROR;
				CLANG_WARN_EMPTY_BODY = YES;
				CLANG_WARN_ENUM_CONVERSION = YES;
				CLANG_WARN_INT_CONVERSION = YES;
				CLANG_WARN_OBJC_ROOT_CLASS = YES_ERROR;
				CLANG_WARN_UNREACHABLE_CODE = YES;
				CLANG_WARN__DUPLICATE_METHOD_MATCH = YES;
				"CODE_SIGN_IDENTITY[sdk=iphoneos*]" = "iPhone Developer";
				COPY_PHASE_STRIP = NO;
				ENABLE_STRICT_OBJC_MSGSEND = YES;
				GCC_C_LANGUAGE_STANDARD = gnu99;
				GCC_DYNAMIC_NO_PIC = NO;
				GCC_OPTIMIZATION_LEVEL = 0;
				GCC_PREPROCESSOR_DEFINITIONS = (
					"DEBUG=1",
					"$(inherited)",
				);
				GCC_SYMBOLS_PRIVATE_EXTERN = NO;
				GCC_WARN_64_TO_32_BIT_CONVERSION = YES;
				GCC_WARN_ABOUT_RETURN_TYPE = YES_ERROR;
				GCC_WARN_UNDECLARED_SELECTOR = YES;
				GCC_WARN_UNINITIALIZED_AUTOS = YES_AGGRESSIVE;
				GCC_WARN_UNUSED_FUNCTION = YES;
				GCC_WARN_UNUSED_VARIABLE = YES;
				IPHONEOS_DEPLOYMENT_TARGET = 8.2;
				MTL_ENABLE_DEBUG_INFO = YES;
				ONLY_ACTIVE_ARCH = YES;
				SDKROOT = iphoneos;
			};
			name = Debug;
		};
		B4A7497B1AC71F4500B26543 /* Release */ = {
			isa = XCBuildConfiguration;
			buildSettings = {
				ALWAYS_SEARCH_USER_PATHS = NO;
				CLANG_CXX_LANGUAGE_STANDARD = "gnu++0x";
				CLANG_CXX_LIBRARY = "libc++";
				CLANG_ENABLE_MODULES = YES;
				CLANG_ENABLE_OBJC_ARC = YES;
				CLANG_WARN_BOOL_CONVERSION = YES;
				CLANG_WARN_CONSTANT_CONVERSION = YES;
				CLANG_WARN_DIRECT_OBJC_ISA_USAGE = YES_ERROR;
				CLANG_WARN_EMPTY_BODY = YES;
				CLANG_WARN_ENUM_CONVERSION = YES;
				CLANG_WARN_INT_CONVERSION = YES;
				CLANG_WARN_OBJC_ROOT_CLASS = YES_ERROR;
				CLANG_WARN_UNREACHABLE_CODE = YES;
				CLANG_WARN__DUPLICATE_METHOD_MATCH = YES;
				"CODE_SIGN_IDENTITY[sdk=iphoneos*]" = "iPhone Developer";
				COPY_PHASE_STRIP = NO;
				ENABLE_NS_ASSERTIONS = NO;
				ENABLE_STRICT_OBJC_MSGSEND = YES;
				GCC_C_LANGUAGE_STANDARD = gnu99;
				GCC_WARN_64_TO_32_BIT_CONVERSION = YES;
				GCC_WARN_ABOUT_RETURN_TYPE = YES_ERROR;
				GCC_WARN_UNDECLARED_SELECTOR = YES;
				GCC_WARN_UNINITIALIZED_AUTOS = YES_AGGRESSIVE;
				GCC_WARN_UNUSED_FUNCTION = YES;
				GCC_WARN_UNUSED_VARIABLE = YES;
				IPHONEOS_DEPLOYMENT_TARGET = 8.2;
				MTL_ENABLE_DEBUG_INFO = NO;
				SDKROOT = iphoneos;
				VALIDATE_PRODUCT = YES;
			};
			name = Release;
		};
		B4A7497D1AC71F4500B26543 /* Debug */ = {
			isa = XCBuildConfiguration;
			buildSettings = {
				ASSETCATALOG_COMPILER_APPICON_NAME = AppIcon;
				INFOPLIST_FILE = Fraction_Calculator/Info.plist;
				IPHONEOS_DEPLOYMENT_TARGET = 8.2;
				LD_RUNPATH_SEARCH_PATHS = "$(inherited) @executable_path/Frameworks";
				PRODUCT_NAME = "$(TARGET_NAME)";
			};
			name = Debug;
		};
		B4A7497E1AC71F4500B26543 /* Release */ = {
			isa = XCBuildConfiguration;
			buildSettings = {
				ASSETCATALOG_COMPILER_APPICON_NAME = AppIcon;
				INFOPLIST_FILE = Fraction_Calculator/Info.plist;
				IPHONEOS_DEPLOYMENT_TARGET = 8.2;
				LD_RUNPATH_SEARCH_PATHS = "$(inherited) @executable_path/Frameworks";
				PRODUCT_NAME = "$(TARGET_NAME)";
			};
			name = Release;
		};
		B4A749801AC71F4500B26543 /* Debug */ = {
			isa = XCBuildConfiguration;
			buildSettings = {
				BUNDLE_LOADER = "$(TEST_HOST)";
				FRAMEWORK_SEARCH_PATHS = (
					"$(SDKROOT)/Developer/Library/Frameworks",
					"$(inherited)",
				);
				GCC_PREPROCESSOR_DEFINITIONS = (
					"DEBUG=1",
					"$(inherited)",
				);
				INFOPLIST_FILE = Fraction_CalculatorTests/Info.plist;
				LD_RUNPATH_SEARCH_PATHS = "$(inherited) @executable_path/Frameworks @loader_path/Frameworks";
				PRODUCT_NAME = "$(TARGET_NAME)";
				TEST_HOST = "$(BUILT_PRODUCTS_DIR)/Fraction_Calculator.app/Fraction_Calculator";
			};
			name = Debug;
		};
		B4A749811AC71F4500B26543 /* Release */ = {
			isa = XCBuildConfiguration;
			buildSettings = {
				BUNDLE_LOADER = "$(TEST_HOST)";
				FRAMEWORK_SEARCH_PATHS = (
					"$(SDKROOT)/Developer/Library/Frameworks",
					"$(inherited)",
				);
				INFOPLIST_FILE = Fraction_CalculatorTests/Info.plist;
				LD_RUNPATH_SEARCH_PATHS = "$(inherited) @executable_path/Frameworks @loader_path/Frameworks";
				PRODUCT_NAME = "$(TARGET_NAME)";
				TEST_HOST = "$(BUILT_PRODUCTS_DIR)/Fraction_Calculator.app/Fraction_Calculator";
			};
			name = Release;
		};
/* End XCBuildConfiguration section */

/* Begin XCConfigurationList section */
		B4A749541AC71F4500B26543 /* Build configuration list for PBXProject "Fraction_Calculator" */ = {
			isa = XCConfigurationList;
			buildConfigurations = (
				B4A7497A1AC71F4500B26543 /* Debug */,
				B4A7497B1AC71F4500B26543 /* Release */,
			);
			defaultConfigurationIsVisible = 0;
			defaultConfigurationName = Release;
		};
		B4A7497C1AC71F4500B26543 /* Build configuration list for PBXNativeTarget "Fraction_Calculator" */ = {
			isa = XCConfigurationList;
			buildConfigurations = (
				B4A7497D1AC71F4500B26543 /* Debug */,
				B4A7497E1AC71F4500B26543 /* Release */,
			);
			defaultConfigurationIsVisible = 0;
		};
		B4A7497F1AC71F4500B26543 /* Build configuration list for PBXNativeTarget "Fraction_CalculatorTests" */ = {
			isa = XCConfigurationList;
			buildConfigurations = (
				B4A749801AC71F4500B26543 /* Debug */,
				B4A749811AC71F4500B26543 /* Release */,
			);
			defaultConfigurationIsVisible = 0;
		};
/* End XCConfigurationList section */
	};
	rootObject = B4A749511AC71F4500B26543 /* Project object */;
}
